
Microsoft Visual Studio Solution File, Format Version 12.00
# Visual Studio Version 16
VisualStudioVersion = 16.0.31613.86
MinimumVisualStudioVersion = 10.0.40219.1
Project("{FAE04EC0-301F-11D3-BF4B-00C04F79EFBC}") = "ReactBookMarkManager.Web", "ReactBookMarkManager.Web\ReactBookMarkManager.Web.csproj", "{4EA46DCC-8B28-4095-86CA-E111D6769651}"
EndProject
Project("{FAE04EC0-301F-11D3-BF4B-00C04F79EFBC}") = "ReactBookMarkManager.Data", "ReactBookMarkManager.Data\ReactBookMarkManager.Data.csproj", "{F62033E8-5C8E-4EB6-806F-E991A25BB79D}"
EndProject
Global
	GlobalSection(SolutionConfigurationPlatforms) = preSolution
		Debug|Any CPU = Debug|Any CPU
		Release|Any CPU = Release|Any CPU
	EndGlobalSection
	GlobalSection(ProjectConfigurationPlatforms) = postSolution
		{4EA46DCC-8B28-4095-86CA-E111D6769651}.Debug|Any CPU.ActiveCfg = Debug|Any CPU
		{4EA46DCC-8B28-4095-86CA-E111D6769651}.Debug|Any CPU.Build.0 = Debug|Any CPU
		{4EA46DCC-8B28-4095-86CA-E111D6769651}.Release|Any CPU.ActiveCfg = Release|Any CPU
		{4EA46DCC-8B28-4095-86CA-E111D6769651}.Release|Any CPU.Build.0 = Release|Any CPU
		{F62033E8-5C8E-4EB6-806F-E991A25BB79D}.Debug|Any CPU.ActiveCfg = Debug|Any CPU
		{F62033E8-5C8E-4EB6-806F-E991A25BB79D}.Debug|Any CPU.Build.0 = Debug|Any CPU
		{F62033E8-5C8E-4EB6-806F-E991A25BB79D}.Release|Any CPU.ActiveCfg = Release|Any CPU
		{F62033E8-5C8E-4EB6-806F-E991A25BB79D}.Release|Any CPU.Build.0 = Release|Any CPU
	EndGlobalSection
	GlobalSection(SolutionProperties) = preSolution
		HideSolutionNode = FALSE
	EndGlobalSection
	GlobalSection(ExtensibilityGlobals) = postSolution
		SolutionGuid = {F683DB55-1F59-4383-A512-5218C9A62388}
	EndGlobalSection
EndGlobal
